{
  "name": "sublime-ngls",
  "version": "1.0.0",
  "lockfileVersion": 1,
  "requires": true,
  "dependencies": {
    "@angular/language-server": {
      "version": "12.1.3",
      "resolved": "https://registry.npmjs.org/@angular/language-server/-/language-server-12.1.3.tgz",
      "integrity": "sha512-zc0AoELksoTMq1eHWyHT6R6Q86XDfSCklz/w8it7V7NB/3uBzfiRQDmE02+ijWWkUXPf+gltKAk3HI7xx5ILyw==",
      "requires": {
        "@angular/language-service": "12.1.3",
        "vscode-jsonrpc": "6.0.0",
        "vscode-languageserver": "7.0.0",
        "vscode-uri": "3.0.2"
      }
    },
    "@angular/language-service": {
      "version": "12.1.3",
      "resolved": "https://registry.npmjs.org/@angular/language-service/-/language-service-12.1.3.tgz",
      "integrity": "sha512-WBEJhcHZzf/CND1TpecSlz/REex38u1RD5kBa1vEiy/z6EDiiqK8QXzR20qUiqLIf+D4soFr2/luhhWtBi2Xuw=="
    },
    "typescript": {
      "version": "4.2.4",
      "resolved": "https://registry.npmjs.org/typescript/-/typescript-4.2.4.tgz",
      "integrity": "sha512-V+evlYHZnQkaz8TRBuxTA92yZBPotr5H+WhQ7bD3hZUndx5tGOa1fuCgeSjxAzM1RiN5IzvadIXTVefuuwZCRg=="
    },
    "vscode-jsonrpc": {
      "version": "6.0.0",
      "resolved": "https://registry.npmjs.org/vscode-jsonrpc/-/vscode-jsonrpc-6.0.0.tgz",
      "integrity": "sha512-wnJA4BnEjOSyFMvjZdpiOwhSq9uDoK8e/kpRJDTaMYzwlkrhG1fwDIZI94CLsLzlCK5cIbMMtFlJlfR57Lavmg=="
    },
    "vscode-languageserver": {
      "version": "7.0.0",
      "resolved": "https://registry.npmjs.org/vscode-languageserver/-/vscode-languageserver-7.0.0.tgz",
      "integrity": "sha512-60HTx5ID+fLRcgdHfmz0LDZAXYEV68fzwG0JWwEPBode9NuMYTIxuYXPg4ngO8i8+Ou0lM7y6GzaYWbiDL0drw==",
      "requires": {
        "vscode-languageserver-protocol": "3.16.0"
      }
    },
    "vscode-languageserver-protocol": {
      "version": "3.16.0",
      "resolved": "https://registry.npmjs.org/vscode-languageserver-protocol/-/vscode-languageserver-protocol-3.16.0.tgz",
      "integrity": "sha512-sdeUoAawceQdgIfTI+sdcwkiK2KU+2cbEYA0agzM2uqaUy2UpnnGHtWTHVEtS0ES4zHU0eMFRGN+oQgDxlD66A==",
      "requires": {
        "vscode-jsonrpc": "6.0.0",
        "vscode-languageserver-types": "3.16.0"
      }
    },
    "vscode-languageserver-types": {
      "version": "3.16.0",
      "resolved": "https://registry.npmjs.org/vscode-languageserver-types/-/vscode-languageserver-types-3.16.0.tgz",
      "integrity": "sha512-k8luDIWJWyenLc5ToFQQMaSrqCHiLwyKPHKPQZ5zz21vM+vIVUSvsRpcbiECH4WR88K2XZqc4ScRcZ7nk/jbeA=="
    },
    "vscode-uri": {
      "version": "3.0.2",
      "resolved": "https://registry.npmjs.org/vscode-uri/-/vscode-uri-3.0.2.tgz",
      "integrity": "sha512-jkjy6pjU1fxUvI51P+gCsxg1u2n8LSt0W6KrCNQceaziKzff74GoWmjVG46KieVzybO1sttPQmYfrwSHey7GUA=="
    }
  }
}
