{
  "name": "sublime-ngls",
  "version": "1.0.0",
  "lockfileVersion": 2,
  "requires": true,
  "packages": {
    "": {
      "name": "sublime-ngls",
      "version": "1.0.0",
      "dependencies": {
        "@angular/language-server": "22.1.5",
        "typescript": "^5.9.2"
      }
    },
    "node_modules/@angular/language-server": {
      "version": "22.1.5",
      "resolved": "https://registry.npmjs.org/@angular/language-server/-/language-server-22.1.5.tgz",
      "integrity": "sha512-7FnOZ9Ts5Y9LWJIf3mnZWTW/F/pwwqtcd1hrmhXm/xyaqmP04/9yUdoZK9rmQLBgi9Ui2dOMESZeZwd7SoNACg==",
      "dependencies": {
        "@angular/language-service": "22.1.5",
        "typescript": "6.0.3"
      },
      "bin": {
        "ngserver": "bin/ngserver"
      },
      "engines": {
        "node": "^22.22.3 || ^24.15.0 || >=26.0.0"
      }
    },
    "node_modules/@angular/language-server/node_modules/typescript": {
      "version": "6.0.3",
      "resolved": "https://registry.npmjs.org/typescript/-/typescript-6.0.3.tgz",
      "integrity": "sha512-y2TvuxSZPDyQakkFRPZHKFm+KKVqIisdg9/CZwm9ftvKXLP8NRWj38/ODjNbr43SsoXqNuAisEf1GdCxqWcdBw==",
      "bin": {
        "tsc": "bin/tsc",
        "tsserver": "bin/tsserver"
      },
      "engines": {
        "node": ">=14.17"
      }
    },
    "node_modules/@angular/language-service": {
      "version": "22.1.5",
      "resolved": "https://registry.npmjs.org/@angular/language-service/-/language-service-22.1.5.tgz",
      "integrity": "sha512-siezUdZm4wfA+wUWbTdPDlPzrEDM5LdFghyhspJyKMLQPs88c4MyD28d6AcEo7JzqdHPCF6PO/sXv910PElJtw==",
      "engines": {
        "node": "^22.22.3 || ^24.15.0 || >=26.0.0"
      }
    },
    "node_modules/typescript": {
      "version": "5.9.3",
      "resolved": "https://registry.npmjs.org/typescript/-/typescript-5.9.3.tgz",
      "integrity": "sha512-jl1vZzPDinLr9eUt3J/t7V6FgNEw9QjvBPdysz9KfQDD41fQrC2Y4vKQdiaUpFT4bXlb1RHhLpp8wtm6M5TgSw==",
      "bin": {
        "tsc": "bin/tsc",
        "tsserver": "bin/tsserver"
      },
      "engines": {
        "node": ">=14.17"
      }
    }
  },
  "dependencies": {
    "@angular/language-server": {
      "version": "22.1.5",
      "resolved": "https://registry.npmjs.org/@angular/language-server/-/language-server-22.1.5.tgz",
      "integrity": "sha512-7FnOZ9Ts5Y9LWJIf3mnZWTW/F/pwwqtcd1hrmhXm/xyaqmP04/9yUdoZK9rmQLBgi9Ui2dOMESZeZwd7SoNACg==",
      "requires": {
        "@angular/language-service": "22.1.5",
        "typescript": "6.0.3"
      },
      "dependencies": {
        "typescript": {
          "version": "6.0.3",
          "resolved": "https://registry.npmjs.org/typescript/-/typescript-6.0.3.tgz",
          "integrity": "sha512-y2TvuxSZPDyQakkFRPZHKFm+KKVqIisdg9/CZwm9ftvKXLP8NRWj38/ODjNbr43SsoXqNuAisEf1GdCxqWcdBw=="
        }
      }
    },
    "@angular/language-service": {
      "version": "22.1.5",
      "resolved": "https://registry.npmjs.org/@angular/language-service/-/language-service-22.1.5.tgz",
      "integrity": "sha512-siezUdZm4wfA+wUWbTdPDlPzrEDM5LdFghyhspJyKMLQPs88c4MyD28d6AcEo7JzqdHPCF6PO/sXv910PElJtw=="
    },
    "typescript": {
      "version": "5.9.3",
      "resolved": "https://registry.npmjs.org/typescript/-/typescript-5.9.3.tgz",
      "integrity": "sha512-jl1vZzPDinLr9eUt3J/t7V6FgNEw9QjvBPdysz9KfQDD41fQrC2Y4vKQdiaUpFT4bXlb1RHhLpp8wtm6M5TgSw=="
    }
  }
}
