{
  "name": "sublime-ngls",
  "version": "1.0.0",
  "lockfileVersion": 2,
  "requires": true,
  "packages": {
    "": {
      "name": "sublime-ngls",
      "version": "1.0.0",
      "dependencies": {
        "@angular/language-server": "21.2.17",
        "typescript": "^5.9.2"
      }
    },
    "node_modules/@angular/language-server": {
      "version": "21.2.17",
      "resolved": "https://registry.npmjs.org/@angular/language-server/-/language-server-21.2.17.tgz",
      "integrity": "sha512-6x/BQfYSKsjB2vVF0TJ2fkB2m8wRLykaPLrUaYA2bSEtIOCI4x+8vR/nELOkyRXXZB7CtsEqX2tv89ZK7eV0TA==",
      "dependencies": {
        "@angular/language-service": "21.2.17",
        "typescript": "5.9.3"
      },
      "bin": {
        "ngserver": "bin/ngserver"
      },
      "engines": {
        "node": "^20.19.0 || ^22.12.0 || >=24.0.0"
      }
    },
    "node_modules/@angular/language-service": {
      "version": "21.2.17",
      "resolved": "https://registry.npmjs.org/@angular/language-service/-/language-service-21.2.17.tgz",
      "integrity": "sha512-Pq0V7VBkShQThA6QME2FjZgHLuxFpsioEoppx1i8rHFTGoJuXtBJK8iaArF7XuYaMzMRInUGfMQzsXc2WE+rmg==",
      "engines": {
        "node": "^20.19.0 || ^22.12.0 || >=24.0.0"
      }
    },
    "node_modules/typescript": {
      "version": "5.9.3",
      "resolved": "https://registry.npmjs.org/typescript/-/typescript-5.9.3.tgz",
      "integrity": "sha512-jl1vZzPDinLr9eUt3J/t7V6FgNEw9QjvBPdysz9KfQDD41fQrC2Y4vKQdiaUpFT4bXlb1RHhLpp8wtm6M5TgSw==",
      "bin": {
        "tsc": "bin/tsc",
        "tsserver": "bin/tsserver"
      },
      "engines": {
        "node": ">=14.17"
      }
    }
  },
  "dependencies": {
    "@angular/language-server": {
      "version": "21.2.17",
      "resolved": "https://registry.npmjs.org/@angular/language-server/-/language-server-21.2.17.tgz",
      "integrity": "sha512-6x/BQfYSKsjB2vVF0TJ2fkB2m8wRLykaPLrUaYA2bSEtIOCI4x+8vR/nELOkyRXXZB7CtsEqX2tv89ZK7eV0TA==",
      "requires": {
        "@angular/language-service": "21.2.17",
        "typescript": "5.9.3"
      }
    },
    "@angular/language-service": {
      "version": "21.2.17",
      "resolved": "https://registry.npmjs.org/@angular/language-service/-/language-service-21.2.17.tgz",
      "integrity": "sha512-Pq0V7VBkShQThA6QME2FjZgHLuxFpsioEoppx1i8rHFTGoJuXtBJK8iaArF7XuYaMzMRInUGfMQzsXc2WE+rmg=="
    },
    "typescript": {
      "version": "5.9.3",
      "resolved": "https://registry.npmjs.org/typescript/-/typescript-5.9.3.tgz",
      "integrity": "sha512-jl1vZzPDinLr9eUt3J/t7V6FgNEw9QjvBPdysz9KfQDD41fQrC2Y4vKQdiaUpFT4bXlb1RHhLpp8wtm6M5TgSw=="
    }
  }
}
